
Microsoft Visual Studio Solution File, Format Version 12.00
# Visual Studio 2012
Project("{FAE04EC0-301F-11D3-BF4B-00C04F79EFBC}") = "CRUDWebApi", "CRUDWebApi\CRUDWebApi.csproj", "{930F70F9-B282-491A-BF40-655F8C15DD55}"
EndProject
Global
	GlobalSection(SolutionConfigurationPlatforms) = preSolution
		Debug|Any CPU = Debug|Any CPU
		Release|Any CPU = Release|Any CPU
	EndGlobalSection
	GlobalSection(ProjectConfigurationPlatforms) = postSolution
		{930F70F9-B282-491A-BF40-655F8C15DD55}.Debug|Any CPU.ActiveCfg = Debug|Any CPU
		{930F70F9-B282-491A-BF40-655F8C15DD55}.Debug|Any CPU.Build.0 = Debug|Any CPU
		{930F70F9-B282-491A-BF40-655F8C15DD55}.Release|Any CPU.ActiveCfg = Release|Any CPU
		{930F70F9-B282-491A-BF40-655F8C15DD55}.Release|Any CPU.Build.0 = Release|Any CPU
	EndGlobalSection
	GlobalSection(SolutionProperties) = preSolution
		HideSolutionNode = FALSE
	EndGlobalSection
EndGlobal
